// !$*UTF8*$!
{
	archiveVersion = 1;
	classes = {
	};
	objectVersion = 56;
	objects = {

/* Begin PBXBuildFile section */
		CF214A912A7FAABA0020C52F /* AppDelegate.swift in Sources */ = {isa = PBXBuildFile; fileRef = CF214A902A7FAABA0020C52F /* AppDelegate.swift */; };
		CF276F6D2A882C9900CB959B /* Domain in Frameworks */ = {isa = PBXBuildFile; productRef = CF276F6C2A882C9900CB959B /* Domain */; };
		CF276F6F2A882C9F00CB959B /* Logs in Frameworks */ = {isa = PBXBuildFile; productRef = CF276F6E2A882C9F00CB959B /* Logs */; };
		CF276F712A882D6300CB959B /* Utilities in Frameworks */ = {isa = PBXBuildFile; productRef = CF276F702A882D6300CB959B /* Utilities */; };
		CF276F782A88D7A700CB959B /* AppCoordinator.swift in Sources */ = {isa = PBXBuildFile; fileRef = CF276F772A88D7A700CB959B /* AppCoordinator.swift */; };
		CF276F7B2A88E8FD00CB959B /* NewsFeature in Frameworks */ = {isa = PBXBuildFile; productRef = CF276F7A2A88E8FD00CB959B /* NewsFeature */; };
		CFF34B312A325B8300BAAE8A /* SceneDelegate.swift in Sources */ = {isa = PBXBuildFile; fileRef = CFF34B302A325B8300BAAE8A /* SceneDelegate.swift */; };
		CFF34B392A325B8300BAAE8A /* NewsCaster.xcdatamodeld in Sources */ = {isa = PBXBuildFile; fileRef = CFF34B372A325B8300BAAE8A /* NewsCaster.xcdatamodeld */; };
		CFF34B3B2A325B8400BAAE8A /* Assets.xcassets in Resources */ = {isa = PBXBuildFile; fileRef = CFF34B3A2A325B8400BAAE8A /* Assets.xcassets */; };
		CFF34B3E2A325B8400BAAE8A /* LaunchScreen.storyboard in Resources */ = {isa = PBXBuildFile; fileRef = CFF34B3C2A325B8400BAAE8A /* LaunchScreen.storyboard */; };
/* End PBXBuildFile section */

/* Begin PBXFileReference section */
		CF214A902A7FAABA0020C52F /* AppDelegate.swift */ = {isa = PBXFileReference; lastKnownFileType = sourcecode.swift; path = AppDelegate.swift; sourceTree = "<group>"; };
		CF214A9F2A8027860020C52F /* Core */ = {isa = PBXFileReference; lastKnownFileType = wrapper; path = Core; sourceTree = "<group>"; };
		CF276F772A88D7A700CB959B /* AppCoordinator.swift */ = {isa = PBXFileReference; lastKnownFileType = sourcecode.swift; path = AppCoordinator.swift; sourceTree = "<group>"; };
		CF276F792A88E6FB00CB959B /* Features */ = {isa = PBXFileReference; lastKnownFileType = wrapper; path = Features; sourceTree = "<group>"; };
		CFB525EF2A80357F00EFA789 /* APIConfig.xcconfig */ = {isa = PBXFileReference; lastKnownFileType = text.xcconfig; path = APIConfig.xcconfig; sourceTree = "<group>"; };
		CFD802B42A8813210087719C /* Design */ = {isa = PBXFileReference; lastKnownFileType = wrapper; path = Design; sourceTree = "<group>"; };
		CFD802B52A8813740087719C /* Data */ = {isa = PBXFileReference; lastKnownFileType = wrapper; path = Data; sourceTree = "<group>"; };
		CFF34B2B2A325B8300BAAE8A /* NewsCaster.app */ = {isa = PBXFileReference; explicitFileType = wrapper.application; includeInIndex = 0; path = NewsCaster.app; sourceTree = BUILT_PRODUCTS_DIR; };
		CFF34B302A325B8300BAAE8A /* SceneDelegate.swift */ = {isa = PBXFileReference; lastKnownFileType = sourcecode.swift; path = SceneDelegate.swift; sourceTree = "<group>"; };
		CFF34B382A325B8300BAAE8A /* NewsCaster.xcdatamodel */ = {isa = PBXFileReference; lastKnownFileType = wrapper.xcdatamodel; path = NewsCaster.xcdatamodel; sourceTree = "<group>"; };
		CFF34B3A2A325B8400BAAE8A /* Assets.xcassets */ = {isa = PBXFileReference; lastKnownFileType = folder.assetcatalog; path = Assets.xcassets; sourceTree = "<group>"; };
		CFF34B3D2A325B8400BAAE8A /* Base */ = {isa = PBXFileReference; lastKnownFileType = file.storyboard; name = Base; path = Base.lproj/LaunchScreen.storyboard; sourceTree = "<group>"; };
		CFF34B3F2A325B8400BAAE8A /* Info.plist */ = {isa = PBXFileReference; lastKnownFileType = text.plist.xml; path = Info.plist; sourceTree = "<group>"; };
/* End PBXFileReference section */

/* Begin PBXFrameworksBuildPhase section */
		CFF34B282A325B8300BAAE8A /* Frameworks */ = {
			isa = PBXFrameworksBuildPhase;
			buildActionMask = 2147483647;
			files = (
				CF276F7B2A88E8FD00CB959B /* NewsFeature in Frameworks */,
				CF276F6D2A882C9900CB959B /* Domain in Frameworks */,
				CF276F712A882D6300CB959B /* Utilities in Frameworks */,
				CF276F6F2A882C9F00CB959B /* Logs in Frameworks */,
			);
			runOnlyForDeploymentPostprocessing = 0;
		};
/* End PBXFrameworksBuildPhase section */

/* Begin PBXGroup section */
		CF0E760F2A327F2A00BBE80C /* SupportingFiles */ = {
			isa = PBXGroup;
			children = (
				CFB525EF2A80357F00EFA789 /* APIConfig.xcconfig */,
				CFF34B3C2A325B8400BAAE8A /* LaunchScreen.storyboard */,
			);
			path = SupportingFiles;
			sourceTree = "<group>";
		};
		CF0E76102A327F4000BBE80C /* AppBase */ = {
			isa = PBXGroup;
			children = (
				CF276F772A88D7A700CB959B /* AppCoordinator.swift */,
				CF214A902A7FAABA0020C52F /* AppDelegate.swift */,
				CFF34B302A325B8300BAAE8A /* SceneDelegate.swift */,
			);
			path = AppBase;
			sourceTree = "<group>";
		};
		CFF34B222A325B8300BAAE8A = {
			isa = PBXGroup;
			children = (
				CF276F792A88E6FB00CB959B /* Features */,
				CFD802B52A8813740087719C /* Data */,
				CFD802B42A8813210087719C /* Design */,
				CF214A9F2A8027860020C52F /* Core */,
				CFF34B2D2A325B8300BAAE8A /* NewsCaster */,
				CFF34B2C2A325B8300BAAE8A /* Products */,
			);
			sourceTree = "<group>";
		};
		CFF34B2C2A325B8300BAAE8A /* Products */ = {
			isa = PBXGroup;
			children = (
				CFF34B2B2A325B8300BAAE8A /* NewsCaster.app */,
			);
			name = Products;
			sourceTree = "<group>";
		};
		CFF34B2D2A325B8300BAAE8A /* NewsCaster */ = {
			isa = PBXGroup;
			children = (
				CF0E760F2A327F2A00BBE80C /* SupportingFiles */,
				CF0E76102A327F4000BBE80C /* AppBase */,
				CFF34B3F2A325B8400BAAE8A /* Info.plist */,
				CFF34B3A2A325B8400BAAE8A /* Assets.xcassets */,
				CFF34B372A325B8300BAAE8A /* NewsCaster.xcdatamodeld */,
			);
			path = NewsCaster;
			sourceTree = "<group>";
		};
/* End PBXGroup section */

/* Begin PBXNativeTarget section */
		CFF34B2A2A325B8300BAAE8A /* NewsCaster */ = {
			isa = PBXNativeTarget;
			buildConfigurationList = CFF34B582A325B8500BAAE8A /* Build configuration list for PBXNativeTarget "NewsCaster" */;
			buildPhases = (
				CFF34B272A325B8300BAAE8A /* Sources */,
				CFF34B282A325B8300BAAE8A /* Frameworks */,
				CFF34B292A325B8300BAAE8A /* Resources */,
			);
			buildRules = (
			);
			dependencies = (
			);
			name = NewsCaster;
			packageProductDependencies = (
				CF276F6C2A882C9900CB959B /* Domain */,
				CF276F6E2A882C9F00CB959B /* Logs */,
				CF276F702A882D6300CB959B /* Utilities */,
				CF276F7A2A88E8FD00CB959B /* NewsFeature */,
			);
			productName = NewsCaster;
			productReference = CFF34B2B2A325B8300BAAE8A /* NewsCaster.app */;
			productType = "com.apple.product-type.application";
		};
/* End PBXNativeTarget section */

/* Begin PBXProject section */
		CFF34B232A325B8300BAAE8A /* Project object */ = {
			isa = PBXProject;
			attributes = {
				BuildIndependentTargetsInParallel = 1;
				LastSwiftUpdateCheck = 1430;
				LastUpgradeCheck = 1430;
				TargetAttributes = {
					CFF34B2A2A325B8300BAAE8A = {
						CreatedOnToolsVersion = 14.3;
					};
				};
			};
			buildConfigurationList = CFF34B262A325B8300BAAE8A /* Build configuration list for PBXProject "NewsCaster" */;
			compatibilityVersion = "Xcode 14.0";
			developmentRegion = en;
			hasScannedForEncodings = 0;
			knownRegions = (
				en,
				Base,
			);
			mainGroup = CFF34B222A325B8300BAAE8A;
			productRefGroup = CFF34B2C2A325B8300BAAE8A /* Products */;
			projectDirPath = "";
			projectRoot = "";
			targets = (
				CFF34B2A2A325B8300BAAE8A /* NewsCaster */,
			);
		};
/* End PBXProject section */

/* Begin PBXResourcesBuildPhase section */
		CFF34B292A325B8300BAAE8A /* Resources */ = {
			isa = PBXResourcesBuildPhase;
			buildActionMask = 2147483647;
			files = (
				CFF34B3E2A325B8400BAAE8A /* LaunchScreen.storyboard in Resources */,
				CFF34B3B2A325B8400BAAE8A /* Assets.xcassets in Resources */,
			);
			runOnlyForDeploymentPostprocessing = 0;
		};
/* End PBXResourcesBuildPhase section */

/* Begin PBXSourcesBuildPhase section */
		CFF34B272A325B8300BAAE8A /* Sources */ = {
			isa = PBXSourcesBuildPhase;
			buildActionMask = 2147483647;
			files = (
				CF214A912A7FAABA0020C52F /* AppDelegate.swift in Sources */,
				CF276F782A88D7A700CB959B /* AppCoordinator.swift in Sources */,
				CFF34B392A325B8300BAAE8A /* NewsCaster.xcdatamodeld in Sources */,
				CFF34B312A325B8300BAAE8A /* SceneDelegate.swift in Sources */,
			);
			runOnlyForDeploymentPostprocessing = 0;
		};
/* End PBXSourcesBuildPhase section */

/* Begin PBXVariantGroup section */
		CFF34B3C2A325B8400BAAE8A /* LaunchScreen.storyboard */ = {
			isa = PBXVariantGroup;
			children = (
				CFF34B3D2A325B8400BAAE8A /* Base */,
			);
			name = LaunchScreen.storyboard;
			sourceTree = "<group>";
		};
/* End PBXVariantGroup section */

/* Begin XCBuildConfiguration section */
		CFF34B562A325B8500BAAE8A /* Debug */ = {
			isa = XCBuildConfiguration;
			baseConfigurationReference = CFB525EF2A80357F00EFA789 /* APIConfig.xcconfig */;
			buildSettings = {
				ALWAYS_SEARCH_USER_PATHS = NO;
				CLANG_ANALYZER_NONNULL = YES;
				CLANG_ANALYZER_NUMBER_OBJECT_CONVERSION = YES_AGGRESSIVE;
				CLANG_CXX_LANGUAGE_STANDARD = "gnu++20";
				CLANG_ENABLE_MODULES = YES;
				CLANG_ENABLE_OBJC_ARC = YES;
				CLANG_ENABLE_OBJC_WEAK = YES;
				CLANG_WARN_BLOCK_CAPTURE_AUTORELEASING = YES;
				CLANG_WARN_BOOL_CONVERSION = YES;
				CLANG_WARN_COMMA = YES;
				CLANG_WARN_CONSTANT_CONVERSION = YES;
				CLANG_WARN_DEPRECATED_OBJC_IMPLEMENTATIONS = YES;
				CLANG_WARN_DIRECT_OBJC_ISA_USAGE = YES_ERROR;
				CLANG_WARN_DOCUMENTATION_COMMENTS = YES;
				CLANG_WARN_EMPTY_BODY = YES;
				CLANG_WARN_ENUM_CONVERSION = YES;
				CLANG_WARN_INFINITE_RECURSION = YES;
				CLANG_WARN_INT_CONVERSION = YES;
				CLANG_WARN_NON_LITERAL_NULL_CONVERSION = YES;
				CLANG_WARN_OBJC_IMPLICIT_RETAIN_SELF = YES;
				CLANG_WARN_OBJC_LITERAL_CONVERSION = YES;
				CLANG_WARN_OBJC_ROOT_CLASS = YES_ERROR;
				CLANG_WARN_QUOTED_INCLUDE_IN_FRAMEWORK_HEADER = YES;
				CLANG_WARN_RANGE_LOOP_ANALYSIS = YES;
				CLANG_WARN_STRICT_PROTOTYPES = YES;
				CLANG_WARN_SUSPICIOUS_MOVE = YES;
				CLANG_WARN_UNGUARDED_AVAILABILITY = YES_AGGRESSIVE;
				CLANG_WARN_UNREACHABLE_CODE = YES;
				CLANG_WARN__DUPLICATE_METHOD_MATCH = YES;
				COPY_PHASE_STRIP = NO;
				DEBUG_INFORMATION_FORMAT = dwarf;
				ENABLE_STRICT_OBJC_MSGSEND = YES;
				ENABLE_TESTABILITY = YES;
				GCC_C_LANGUAGE_STANDARD = gnu11;
				GCC_DYNAMIC_NO_PIC = NO;
				GCC_NO_COMMON_BLOCKS = YES;
				GCC_OPTIMIZATION_LEVEL = 0;
				GCC_PREPROCESSOR_DEFINITIONS = (
					"DEBUG=1",
					"$(inherited)",
				);
				GCC_WARN_64_TO_32_BIT_CONVERSION = YES;
				GCC_WARN_ABOUT_RETURN_TYPE = YES_ERROR;
				GCC_WARN_UNDECLARED_SELECTOR = YES;
				GCC_WARN_UNINITIALIZED_AUTOS = YES_AGGRESSIVE;
				GCC_WARN_UNUSED_FUNCTION = YES;
				GCC_WARN_UNUSED_VARIABLE = YES;
				INFOPLIST_FILE = "";
				IPHONEOS_DEPLOYMENT_TARGET = 15.0;
				MTL_ENABLE_DEBUG_INFO = INCLUDE_SOURCE;
				MTL_FAST_MATH = YES;
				ONLY_ACTIVE_ARCH = YES;
				SDKROOT = iphoneos;
				SWIFT_ACTIVE_COMPILATION_CONDITIONS = DEBUG;
				SWIFT_OPTIMIZATION_LEVEL = "-Onone";
			};
			name = Debug;
		};
		CFF34B572A325B8500BAAE8A /* Release */ = {
			isa = XCBuildConfiguration;
			baseConfigurationReference = CFB525EF2A80357F00EFA789 /* APIConfig.xcconfig */;
			buildSettings = {
				ALWAYS_SEARCH_USER_PATHS = NO;
				CLANG_ANALYZER_NONNULL = YES;
				CLANG_ANALYZER_NUMBER_OBJECT_CONVERSION = YES_AGGRESSIVE;
				CLANG_CXX_LANGUAGE_STANDARD = "gnu++20";
				CLANG_ENABLE_MODULES = YES;
				CLANG_ENABLE_OBJC_ARC = YES;
				CLANG_ENABLE_OBJC_WEAK = YES;
				CLANG_WARN_BLOCK_CAPTURE_AUTORELEASING = YES;
				CLANG_WARN_BOOL_CONVERSION = YES;
				CLANG_WARN_COMMA = YES;
				CLANG_WARN_CONSTANT_CONVERSION = YES;
				CLANG_WARN_DEPRECATED_OBJC_IMPLEMENTATIONS = YES;
				CLANG_WARN_DIRECT_OBJC_ISA_USAGE = YES_ERROR;
				CLANG_WARN_DOCUMENTATION_COMMENTS = YES;
				CLANG_WARN_EMPTY_BODY = YES;
				CLANG_WARN_ENUM_CONVERSION = YES;
				CLANG_WARN_INFINITE_RECURSION = YES;
				CLANG_WARN_INT_CONVERSION = YES;
				CLANG_WARN_NON_LITERAL_NULL_CONVERSION = YES;
				CLANG_WARN_OBJC_IMPLICIT_RETAIN_SELF = YES;
				CLANG_WARN_OBJC_LITERAL_CONVERSION = YES;
				CLANG_WARN_OBJC_ROOT_CLASS = YES_ERROR;
				CLANG_WARN_QUOTED_INCLUDE_IN_FRAMEWORK_HEADER = YES;
				CLANG_WARN_RANGE_LOOP_ANALYSIS = YES;
				CLANG_WARN_STRICT_PROTOTYPES = YES;
				CLANG_WARN_SUSPICIOUS_MOVE = YES;
				CLANG_WARN_UNGUARDED_AVAILABILITY = YES_AGGRESSIVE;
				CLANG_WARN_UNREACHABLE_CODE = YES;
				CLANG_WARN__DUPLICATE_METHOD_MATCH = YES;
				COPY_PHASE_STRIP = NO;
				DEBUG_INFORMATION_FORMAT = "dwarf-with-dsym";
				ENABLE_NS_ASSERTIONS = NO;
				ENABLE_STRICT_OBJC_MSGSEND = YES;
				GCC_C_LANGUAGE_STANDARD = gnu11;
				GCC_NO_COMMON_BLOCKS = YES;
				GCC_WARN_64_TO_32_BIT_CONVERSION = YES;
				GCC_WARN_ABOUT_RETURN_TYPE = YES_ERROR;
				GCC_WARN_UNDECLARED_SELECTOR = YES;
				GCC_WARN_UNINITIALIZED_AUTOS = YES_AGGRESSIVE;
				GCC_WARN_UNUSED_FUNCTION = YES;
				GCC_WARN_UNUSED_VARIABLE = YES;
				INFOPLIST_FILE = "";
				IPHONEOS_DEPLOYMENT_TARGET = 15.0;
				MTL_ENABLE_DEBUG_INFO = NO;
				MTL_FAST_MATH = YES;
				SDKROOT = iphoneos;
				SWIFT_COMPILATION_MODE = wholemodule;
				SWIFT_OPTIMIZATION_LEVEL = "-O";
				VALIDATE_PRODUCT = YES;
			};
			name = Release;
		};
		CFF34B592A325B8500BAAE8A /* Debug */ = {
			isa = XCBuildConfiguration;
			baseConfigurationReference = CFB525EF2A80357F00EFA789 /* APIConfig.xcconfig */;
			buildSettings = {
				ASSETCATALOG_COMPILER_APPICON_NAME = AppIcon;
				ASSETCATALOG_COMPILER_GLOBAL_ACCENT_COLOR_NAME = AccentColor;
				CODE_SIGN_STYLE = Automatic;
				CURRENT_PROJECT_VERSION = 1;
				DEVELOPMENT_TEAM = L7KZPDRX49;
				GENERATE_INFOPLIST_FILE = YES;
				INFOPLIST_FILE = NewsCaster/Info.plist;
				INFOPLIST_KEY_UIApplicationSupportsIndirectInputEvents = YES;
				INFOPLIST_KEY_UILaunchStoryboardName = LaunchScreen;
				INFOPLIST_KEY_UISupportedInterfaceOrientations_iPad = "UIInterfaceOrientationPortrait UIInterfaceOrientationPortraitUpsideDown UIInterfaceOrientationLandscapeLeft UIInterfaceOrientationLandscapeRight";
				INFOPLIST_KEY_UISupportedInterfaceOrientations_iPhone = "UIInterfaceOrientationPortrait UIInterfaceOrientationLandscapeLeft UIInterfaceOrientationLandscapeRight";
				IPHONEOS_DEPLOYMENT_TARGET = 15.0;
				LD_RUNPATH_SEARCH_PATHS = (
					"$(inherited)",
					"@executable_path/Frameworks",
				);
				MARKETING_VERSION = 1.0;
				PRODUCT_BUNDLE_IDENTIFIER = pmatar.NewsCaster;
				PRODUCT_NAME = "$(TARGET_NAME)";
				SWIFT_EMIT_LOC_STRINGS = YES;
				SWIFT_VERSION = 5.0;
				TARGETED_DEVICE_FAMILY = "1,2";
			};
			name = Debug;
		};
		CFF34B5A2A325B8500BAAE8A /* Release */ = {
			isa = XCBuildConfiguration;
			baseConfigurationReference = CFB525EF2A80357F00EFA789 /* APIConfig.xcconfig */;
			buildSettings = {
				ASSETCATALOG_COMPILER_APPICON_NAME = AppIcon;
				ASSETCATALOG_COMPILER_GLOBAL_ACCENT_COLOR_NAME = AccentColor;
				CODE_SIGN_STYLE = Automatic;
				CURRENT_PROJECT_VERSION = 1;
				DEVELOPMENT_TEAM = L7KZPDRX49;
				GENERATE_INFOPLIST_FILE = YES;
				INFOPLIST_FILE = NewsCaster/Info.plist;
				INFOPLIST_KEY_UIApplicationSupportsIndirectInputEvents = YES;
				INFOPLIST_KEY_UILaunchStoryboardName = LaunchScreen;
				INFOPLIST_KEY_UISupportedInterfaceOrientations_iPad = "UIInterfaceOrientationPortrait UIInterfaceOrientationPortraitUpsideDown UIInterfaceOrientationLandscapeLeft UIInterfaceOrientationLandscapeRight";
				INFOPLIST_KEY_UISupportedInterfaceOrientations_iPhone = "UIInterfaceOrientationPortrait UIInterfaceOrientationLandscapeLeft UIInterfaceOrientationLandscapeRight";
				IPHONEOS_DEPLOYMENT_TARGET = 15.0;
				LD_RUNPATH_SEARCH_PATHS = (
					"$(inherited)",
					"@executable_path/Frameworks",
				);
				MARKETING_VERSION = 1.0;
				PRODUCT_BUNDLE_IDENTIFIER = pmatar.NewsCaster;
				PRODUCT_NAME = "$(TARGET_NAME)";
				SWIFT_EMIT_LOC_STRINGS = YES;
				SWIFT_VERSION = 5.0;
				TARGETED_DEVICE_FAMILY = "1,2";
			};
			name = Release;
		};
/* End XCBuildConfiguration section */

/* Begin XCConfigurationList section */
		CFF34B262A325B8300BAAE8A /* Build configuration list for PBXProject "NewsCaster" */ = {
			isa = XCConfigurationList;
			buildConfigurations = (
				CFF34B562A325B8500BAAE8A /* Debug */,
				CFF34B572A325B8500BAAE8A /* Release */,
			);
			defaultConfigurationIsVisible = 0;
			defaultConfigurationName = Release;
		};
		CFF34B582A325B8500BAAE8A /* Build configuration list for PBXNativeTarget "NewsCaster" */ = {
			isa = XCConfigurationList;
			buildConfigurations = (
				CFF34B592A325B8500BAAE8A /* Debug */,
				CFF34B5A2A325B8500BAAE8A /* Release */,
			);
			defaultConfigurationIsVisible = 0;
			defaultConfigurationName = Release;
		};
/* End XCConfigurationList section */

/* Begin XCSwiftPackageProductDependency section */
		CF276F6C2A882C9900CB959B /* Domain */ = {
			isa = XCSwiftPackageProductDependency;
			productName = Domain;
		};
		CF276F6E2A882C9F00CB959B /* Logs */ = {
			isa = XCSwiftPackageProductDependency;
			productName = Logs;
		};
		CF276F702A882D6300CB959B /* Utilities */ = {
			isa = XCSwiftPackageProductDependency;
			productName = Utilities;
		};
		CF276F7A2A88E8FD00CB959B /* NewsFeature */ = {
			isa = XCSwiftPackageProductDependency;
			productName = NewsFeature;
		};
/* End XCSwiftPackageProductDependency section */

/* Begin XCVersionGroup section */
		CFF34B372A325B8300BAAE8A /* NewsCaster.xcdatamodeld */ = {
			isa = XCVersionGroup;
			children = (
				CFF34B382A325B8300BAAE8A /* NewsCaster.xcdatamodel */,
			);
			currentVersion = CFF34B382A325B8300BAAE8A /* NewsCaster.xcdatamodel */;
			path = NewsCaster.xcdatamodeld;
			sourceTree = "<group>";
			versionGroupType = wrapper.xcdatamodel;
		};
/* End XCVersionGroup section */
	};
	rootObject = CFF34B232A325B8300BAAE8A /* Project object */;
}
